
Microsoft Visual Studio Solution File, Format Version 12.00
# Visual Studio Version 16
VisualStudioVersion = 16.0.31829.152
MinimumVisualStudioVersion = 10.0.40219.1
Project("{FAE04EC0-301F-11D3-BF4B-00C04F79EFBC}") = "lab13", "lab13.csproj", "{6C0FF651-4445-4C16-A6ED-798E5E9E8FD7}"
EndProject
Global
	GlobalSection(SolutionConfigurationPlatforms) = preSolution
		Debug|Any CPU = Debug|Any CPU
		Release|Any CPU = Release|Any CPU
	EndGlobalSection
	GlobalSection(ProjectConfigurationPlatforms) = postSolution
		{6C0FF651-4445-4C16-A6ED-798E5E9E8FD7}.Debug|Any CPU.ActiveCfg = Debug|Any CPU
		{6C0FF651-4445-4C16-A6ED-798E5E9E8FD7}.Debug|Any CPU.Build.0 = Debug|Any CPU
		{6C0FF651-4445-4C16-A6ED-798E5E9E8FD7}.Release|Any CPU.ActiveCfg = Release|Any CPU
		{6C0FF651-4445-4C16-A6ED-798E5E9E8FD7}.Release|Any CPU.Build.0 = Release|Any CPU
	EndGlobalSection
	GlobalSection(SolutionProperties) = preSolution
		HideSolutionNode = FALSE
	EndGlobalSection
	GlobalSection(ExtensibilityGlobals) = postSolution
		SolutionGuid = {88859569-D834-4265-86D3-D794FF6B86AE}
	EndGlobalSection
EndGlobal
